
Microsoft Visual Studio Solution File, Format Version 12.00
# Visual Studio 2013
VisualStudioVersion = 12.0.21005.1
MinimumVisualStudioVersion = 10.0.40219.1
Project("{FAE04EC0-301F-11D3-BF4B-00C04F79EFBC}") = "SportsStore.WebUI", "SportsStore.WebUI\SportsStore.WebUI.csproj", "{89FC8946-44ED-4914-B6D1-D3F55A737176}"
EndProject
Project("{FAE04EC0-301F-11D3-BF4B-00C04F79EFBC}") = "SportsStore.Domain", "SportsStore.Domain\SportsStore.Domain.csproj", "{6BD4DA01-32B7-4B1D-8BC7-83A64286EE09}"
EndProject
Project("{FAE04EC0-301F-11D3-BF4B-00C04F79EFBC}") = "SportsStore.UnitTests", "SportsStore.UnitTests\SportsStore.UnitTests.csproj", "{23391644-685C-443B-860D-9384F3670D51}"
EndProject
Global
	GlobalSection(SolutionConfigurationPlatforms) = preSolution
		Debug|Any CPU = Debug|Any CPU
		Release|Any CPU = Release|Any CPU
	EndGlobalSection
	GlobalSection(ProjectConfigurationPlatforms) = postSolution
		{89FC8946-44ED-4914-B6D1-D3F55A737176}.Debug|Any CPU.ActiveCfg = Debug|Any CPU
		{89FC8946-44ED-4914-B6D1-D3F55A737176}.Debug|Any CPU.Build.0 = Debug|Any CPU
		{89FC8946-44ED-4914-B6D1-D3F55A737176}.Release|Any CPU.ActiveCfg = Release|Any CPU
		{89FC8946-44ED-4914-B6D1-D3F55A737176}.Release|Any CPU.Build.0 = Release|Any CPU
		{6BD4DA01-32B7-4B1D-8BC7-83A64286EE09}.Debug|Any CPU.ActiveCfg = Debug|Any CPU
		{6BD4DA01-32B7-4B1D-8BC7-83A64286EE09}.Debug|Any CPU.Build.0 = Debug|Any CPU
		{6BD4DA01-32B7-4B1D-8BC7-83A64286EE09}.Release|Any CPU.ActiveCfg = Release|Any CPU
		{6BD4DA01-32B7-4B1D-8BC7-83A64286EE09}.Release|Any CPU.Build.0 = Release|Any CPU
		{23391644-685C-443B-860D-9384F3670D51}.Debug|Any CPU.ActiveCfg = Debug|Any CPU
		{23391644-685C-443B-860D-9384F3670D51}.Debug|Any CPU.Build.0 = Debug|Any CPU
		{23391644-685C-443B-860D-9384F3670D51}.Release|Any CPU.ActiveCfg = Release|Any CPU
		{23391644-685C-443B-860D-9384F3670D51}.Release|Any CPU.Build.0 = Release|Any CPU
	EndGlobalSection
	GlobalSection(SolutionProperties) = preSolution
		HideSolutionNode = FALSE
	EndGlobalSection
EndGlobal
